
Microsoft Visual Studio Solution File, Format Version 12.00
# Visual Studio Version 16
VisualStudioVersion = 16.0.30011.22
MinimumVisualStudioVersion = 10.0.40219.1
Project("{FAE04EC0-301F-11D3-BF4B-00C04F79EFBC}") = "QuanLyHocSinh", "QuanLyHocSinh\QuanLyHocSinh.csproj", "{93979039-441E-46CF-8BFE-787FAADA6758}"
EndProject
Project("{2150E333-8FDC-42A3-9474-1A3956D46DE8}") = "Solution Items", "Solution Items", "{C7CBC702-5A65-40F6-9CCD-CD4CBA9DAC9C}"
	ProjectSection(SolutionItems) = preProject
		.editorconfig = .editorconfig
	EndProjectSection
EndProject
Project("{54435603-DBB4-11D2-8724-00A0C9A8B90C}") = "Setup", "SetUp\Setup\Setup.vdproj", "{F2F8A2F3-8D00-4E94-8F71-19CB0D5D1E90}"
EndProject
Global
	GlobalSection(SolutionConfigurationPlatforms) = preSolution
		Debug|Any CPU = Debug|Any CPU
		Release|Any CPU = Release|Any CPU
	EndGlobalSection
	GlobalSection(ProjectConfigurationPlatforms) = postSolution
		{93979039-441E-46CF-8BFE-787FAADA6758}.Debug|Any CPU.ActiveCfg = Debug|Any CPU
		{93979039-441E-46CF-8BFE-787FAADA6758}.Debug|Any CPU.Build.0 = Debug|Any CPU
		{93979039-441E-46CF-8BFE-787FAADA6758}.Release|Any CPU.ActiveCfg = Release|Any CPU
		{93979039-441E-46CF-8BFE-787FAADA6758}.Release|Any CPU.Build.0 = Release|Any CPU
		{F2F8A2F3-8D00-4E94-8F71-19CB0D5D1E90}.Debug|Any CPU.ActiveCfg = Debug
		{F2F8A2F3-8D00-4E94-8F71-19CB0D5D1E90}.Release|Any CPU.ActiveCfg = Release
	EndGlobalSection
	GlobalSection(SolutionProperties) = preSolution
		HideSolutionNode = FALSE
	EndGlobalSection
	GlobalSection(ExtensibilityGlobals) = postSolution
		SolutionGuid = {7CBDA659-3562-4D53-A641-B5F7032CC73B}
	EndGlobalSection
EndGlobal
